
Microsoft Visual Studio Solution File, Format Version 12.00
# Visual Studio Version 17
VisualStudioVersion = 17.4.33213.308
MinimumVisualStudioVersion = 10.0.40219.1
Project("{FAE04EC0-301F-11D3-BF4B-00C04F79EFBC}") = "WindowsFormsAppRFID", "WindowsFormsAppRFID\WindowsFormsAppRFID.csproj", "{173666AD-5BDB-4F6D-A77E-E3F85B490F1E}"
EndProject
Global
	GlobalSection(SolutionConfigurationPlatforms) = preSolution
		Debug|Any CPU = Debug|Any CPU
		Release|Any CPU = Release|Any CPU
	EndGlobalSection
	GlobalSection(ProjectConfigurationPlatforms) = postSolution
		{173666AD-5BDB-4F6D-A77E-E3F85B490F1E}.Debug|Any CPU.ActiveCfg = Debug|Any CPU
		{173666AD-5BDB-4F6D-A77E-E3F85B490F1E}.Debug|Any CPU.Build.0 = Debug|Any CPU
		{173666AD-5BDB-4F6D-A77E-E3F85B490F1E}.Release|Any CPU.ActiveCfg = Release|Any CPU
		{173666AD-5BDB-4F6D-A77E-E3F85B490F1E}.Release|Any CPU.Build.0 = Release|Any CPU
	EndGlobalSection
	GlobalSection(SolutionProperties) = preSolution
		HideSolutionNode = FALSE
	EndGlobalSection
	GlobalSection(ExtensibilityGlobals) = postSolution
		SolutionGuid = {806AA421-96A3-4078-9D9A-35B00582DCE0}
	EndGlobalSection
EndGlobal
